
Microsoft Visual Studio Solution File, Format Version 12.00
# Visual Studio Version 16
VisualStudioVersion = 16.0.30907.101
MinimumVisualStudioVersion = 10.0.40219.1
Project("{FAE04EC0-301F-11D3-BF4B-00C04F79EFBC}") = "ExamenPractico2", "ExamenPractico2.csproj", "{1E0919F6-14FA-4BCE-9A1E-CD57751FD38B}"
EndProject
Global
	GlobalSection(SolutionConfigurationPlatforms) = preSolution
		Debug|Any CPU = Debug|Any CPU
		Release|Any CPU = Release|Any CPU
	EndGlobalSection
	GlobalSection(ProjectConfigurationPlatforms) = postSolution
		{1E0919F6-14FA-4BCE-9A1E-CD57751FD38B}.Debug|Any CPU.ActiveCfg = Debug|Any CPU
		{1E0919F6-14FA-4BCE-9A1E-CD57751FD38B}.Debug|Any CPU.Build.0 = Debug|Any CPU
		{1E0919F6-14FA-4BCE-9A1E-CD57751FD38B}.Release|Any CPU.ActiveCfg = Release|Any CPU
		{1E0919F6-14FA-4BCE-9A1E-CD57751FD38B}.Release|Any CPU.Build.0 = Release|Any CPU
	EndGlobalSection
	GlobalSection(SolutionProperties) = preSolution
		HideSolutionNode = FALSE
	EndGlobalSection
	GlobalSection(ExtensibilityGlobals) = postSolution
		SolutionGuid = {EB9E0983-79EF-4DB1-9989-79131363083E}
	EndGlobalSection
EndGlobal
